// !$*UTF8*$!
{
	archiveVersion = 1;
	classes = {
	};
	objectVersion = 56;
	objects = {

/* Begin PBXBuildFile section */
		1568C6972A75DE22001964A1 /* PrayerMate2App.swift in Sources */ = {isa = PBXBuildFile; fileRef = 1568C6962A75DE22001964A1 /* PrayerMate2App.swift */; };
		1568C6992A75DE22001964A1 /* ContentView.swift in Sources */ = {isa = PBXBuildFile; fileRef = 1568C6982A75DE22001964A1 /* ContentView.swift */; };
		1568C69B2A75DE24001964A1 /* Assets.xcassets in Resources */ = {isa = PBXBuildFile; fileRef = 1568C69A2A75DE24001964A1 /* Assets.xcassets */; };
		1568C69E2A75DE24001964A1 /* Preview Assets.xcassets in Resources */ = {isa = PBXBuildFile; fileRef = 1568C69D2A75DE24001964A1 /* Preview Assets.xcassets */; };
		1568C6A82A75DE24001964A1 /* PrayerMate2Tests.swift in Sources */ = {isa = PBXBuildFile; fileRef = 1568C6A72A75DE24001964A1 /* PrayerMate2Tests.swift */; };
		1568C6B22A75DE24001964A1 /* PrayerMate2UITests.swift in Sources */ = {isa = PBXBuildFile; fileRef = 1568C6B12A75DE24001964A1 /* PrayerMate2UITests.swift */; };
		1568C6B42A75DE24001964A1 /* PrayerMate2UITestsLaunchTests.swift in Sources */ = {isa = PBXBuildFile; fileRef = 1568C6B32A75DE24001964A1 /* PrayerMate2UITestsLaunchTests.swift */; };
/* End PBXBuildFile section */

/* Begin PBXContainerItemProxy section */
		1568C6A42A75DE24001964A1 /* PBXContainerItemProxy */ = {
			isa = PBXContainerItemProxy;
			containerPortal = 1568C68B2A75DE22001964A1 /* Project object */;
			proxyType = 1;
			remoteGlobalIDString = 1568C6922A75DE22001964A1;
			remoteInfo = PrayerMate2;
		};
		1568C6AE2A75DE24001964A1 /* PBXContainerItemProxy */ = {
			isa = PBXContainerItemProxy;
			containerPortal = 1568C68B2A75DE22001964A1 /* Project object */;
			proxyType = 1;
			remoteGlobalIDString = 1568C6922A75DE22001964A1;
			remoteInfo = PrayerMate2;
		};
/* End PBXContainerItemProxy section */

/* Begin PBXFileReference section */
		1568C6932A75DE22001964A1 /* PrayerMate2.app */ = {isa = PBXFileReference; explicitFileType = wrapper.application; includeInIndex = 0; path = PrayerMate2.app; sourceTree = BUILT_PRODUCTS_DIR; };
		1568C6962A75DE22001964A1 /* PrayerMate2App.swift */ = {isa = PBXFileReference; lastKnownFileType = sourcecode.swift; path = PrayerMate2App.swift; sourceTree = "<group>"; };
		1568C6982A75DE22001964A1 /* ContentView.swift */ = {isa = PBXFileReference; lastKnownFileType = sourcecode.swift; path = ContentView.swift; sourceTree = "<group>"; };
		1568C69A2A75DE24001964A1 /* Assets.xcassets */ = {isa = PBXFileReference; lastKnownFileType = folder.assetcatalog; path = Assets.xcassets; sourceTree = "<group>"; };
		1568C69D2A75DE24001964A1 /* Preview Assets.xcassets */ = {isa = PBXFileReference; lastKnownFileType = folder.assetcatalog; path = "Preview Assets.xcassets"; sourceTree = "<group>"; };
		1568C6A32A75DE24001964A1 /* PrayerMate2Tests.xctest */ = {isa = PBXFileReference; explicitFileType = wrapper.cfbundle; includeInIndex = 0; path = PrayerMate2Tests.xctest; sourceTree = BUILT_PRODUCTS_DIR; };
		1568C6A72A75DE24001964A1 /* PrayerMate2Tests.swift */ = {isa = PBXFileReference; lastKnownFileType = sourcecode.swift; path = PrayerMate2Tests.swift; sourceTree = "<group>"; };
		1568C6AD2A75DE24001964A1 /* PrayerMate2UITests.xctest */ = {isa = PBXFileReference; explicitFileType = wrapper.cfbundle; includeInIndex = 0; path = PrayerMate2UITests.xctest; sourceTree = BUILT_PRODUCTS_DIR; };
		1568C6B12A75DE24001964A1 /* PrayerMate2UITests.swift */ = {isa = PBXFileReference; lastKnownFileType = sourcecode.swift; path = PrayerMate2UITests.swift; sourceTree = "<group>"; };
		1568C6B32A75DE24001964A1 /* PrayerMate2UITestsLaunchTests.swift */ = {isa = PBXFileReference; lastKnownFileType = sourcecode.swift; path = PrayerMate2UITestsLaunchTests.swift; sourceTree = "<group>"; };
/* End PBXFileReference section */

/* Begin PBXFrameworksBuildPhase section */
		1568C6902A75DE22001964A1 /* Frameworks */ = {
			isa = PBXFrameworksBuildPhase;
			buildActionMask = 2147483647;
			files = (
			);
			runOnlyForDeploymentPostprocessing = 0;
		};
		1568C6A02A75DE24001964A1 /* Frameworks */ = {
			isa = PBXFrameworksBuildPhase;
			buildActionMask = 2147483647;
			files = (
			);
			runOnlyForDeploymentPostprocessing = 0;
		};
		1568C6AA2A75DE24001964A1 /* Frameworks */ = {
			isa = PBXFrameworksBuildPhase;
			buildActionMask = 2147483647;
			files = (
			);
			runOnlyForDeploymentPostprocessing = 0;
		};
/* End PBXFrameworksBuildPhase section */

/* Begin PBXGroup section */
		1568C68A2A75DE22001964A1 = {
			isa = PBXGroup;
			children = (
				1568C6952A75DE22001964A1 /* PrayerMate2 */,
				1568C6A62A75DE24001964A1 /* PrayerMate2Tests */,
				1568C6B02A75DE24001964A1 /* PrayerMate2UITests */,
				1568C6942A75DE22001964A1 /* Products */,
			);
			sourceTree = "<group>";
		};
		1568C6942A75DE22001964A1 /* Products */ = {
			isa = PBXGroup;
			children = (
				1568C6932A75DE22001964A1 /* PrayerMate2.app */,
				1568C6A32A75DE24001964A1 /* PrayerMate2Tests.xctest */,
				1568C6AD2A75DE24001964A1 /* PrayerMate2UITests.xctest */,
			);
			name = Products;
			sourceTree = "<group>";
		};
		1568C6952A75DE22001964A1 /* PrayerMate2 */ = {
			isa = PBXGroup;
			children = (
				1568C6962A75DE22001964A1 /* PrayerMate2App.swift */,
				1568C6982A75DE22001964A1 /* ContentView.swift */,
				1568C69A2A75DE24001964A1 /* Assets.xcassets */,
				1568C69C2A75DE24001964A1 /* Preview Content */,
			);
			path = PrayerMate2;
			sourceTree = "<group>";
		};
		1568C69C2A75DE24001964A1 /* Preview Content */ = {
			isa = PBXGroup;
			children = (
				1568C69D2A75DE24001964A1 /* Preview Assets.xcassets */,
			);
			path = "Preview Content";
			sourceTree = "<group>";
		};
		1568C6A62A75DE24001964A1 /* PrayerMate2Tests */ = {
			isa = PBXGroup;
			children = (
				1568C6A72A75DE24001964A1 /* PrayerMate2Tests.swift */,
			);
			path = PrayerMate2Tests;
			sourceTree = "<group>";
		};
		1568C6B02A75DE24001964A1 /* PrayerMate2UITests */ = {
			isa = PBXGroup;
			children = (
				1568C6B12A75DE24001964A1 /* PrayerMate2UITests.swift */,
				1568C6B32A75DE24001964A1 /* PrayerMate2UITestsLaunchTests.swift */,
			);
			path = PrayerMate2UITests;
			sourceTree = "<group>";
		};
/* End PBXGroup section */

/* Begin PBXNativeTarget section */
		1568C6922A75DE22001964A1 /* PrayerMate2 */ = {
			isa = PBXNativeTarget;
			buildConfigurationList = 1568C6B72A75DE24001964A1 /* Build configuration list for PBXNativeTarget "PrayerMate2" */;
			buildPhases = (
				1568C68F2A75DE22001964A1 /* Sources */,
				1568C6902A75DE22001964A1 /* Frameworks */,
				1568C6912A75DE22001964A1 /* Resources */,
			);
			buildRules = (
			);
			dependencies = (
			);
			name = PrayerMate2;
			productName = PrayerMate2;
			productReference = 1568C6932A75DE22001964A1 /* PrayerMate2.app */;
			productType = "com.apple.product-type.application";
		};
		1568C6A22A75DE24001964A1 /* PrayerMate2Tests */ = {
			isa = PBXNativeTarget;
			buildConfigurationList = 1568C6BA2A75DE24001964A1 /* Build configuration list for PBXNativeTarget "PrayerMate2Tests" */;
			buildPhases = (
				1568C69F2A75DE24001964A1 /* Sources */,
				1568C6A02A75DE24001964A1 /* Frameworks */,
				1568C6A12A75DE24001964A1 /* Resources */,
			);
			buildRules = (
			);
			dependencies = (
				1568C6A52A75DE24001964A1 /* PBXTargetDependency */,
			);
			name = PrayerMate2Tests;
			productName = PrayerMate2Tests;
			productReference = 1568C6A32A75DE24001964A1 /* PrayerMate2Tests.xctest */;
			productType = "com.apple.product-type.bundle.unit-test";
		};
		1568C6AC2A75DE24001964A1 /* PrayerMate2UITests */ = {
			isa = PBXNativeTarget;
			buildConfigurationList = 1568C6BD2A75DE24001964A1 /* Build configuration list for PBXNativeTarget "PrayerMate2UITests" */;
			buildPhases = (
				1568C6A92A75DE24001964A1 /* Sources */,
				1568C6AA2A75DE24001964A1 /* Frameworks */,
				1568C6AB2A75DE24001964A1 /* Resources */,
			);
			buildRules = (
			);
			dependencies = (
				1568C6AF2A75DE24001964A1 /* PBXTargetDependency */,
			);
			name = PrayerMate2UITests;
			productName = PrayerMate2UITests;
			productReference = 1568C6AD2A75DE24001964A1 /* PrayerMate2UITests.xctest */;
			productType = "com.apple.product-type.bundle.ui-testing";
		};
/* End PBXNativeTarget section */

/* Begin PBXProject section */
		1568C68B2A75DE22001964A1 /* Project object */ = {
			isa = PBXProject;
			attributes = {
				BuildIndependentTargetsInParallel = 1;
				LastSwiftUpdateCheck = 1430;
				LastUpgradeCheck = 1430;
				TargetAttributes = {
					1568C6922A75DE22001964A1 = {
						CreatedOnToolsVersion = 14.3;
					};
					1568C6A22A75DE24001964A1 = {
						CreatedOnToolsVersion = 14.3;
						TestTargetID = 1568C6922A75DE22001964A1;
					};
					1568C6AC2A75DE24001964A1 = {
						CreatedOnToolsVersion = 14.3;
						TestTargetID = 1568C6922A75DE22001964A1;
					};
				};
			};
			buildConfigurationList = 1568C68E2A75DE22001964A1 /* Build configuration list for PBXProject "PrayerMate2" */;
			compatibilityVersion = "Xcode 14.0";
			developmentRegion = en;
			hasScannedForEncodings = 0;
			knownRegions = (
				en,
				Base,
			);
			mainGroup = 1568C68A2A75DE22001964A1;
			productRefGroup = 1568C6942A75DE22001964A1 /* Products */;
			projectDirPath = "";
			projectRoot = "";
			targets = (
				1568C6922A75DE22001964A1 /* PrayerMate2 */,
				1568C6A22A75DE24001964A1 /* PrayerMate2Tests */,
				1568C6AC2A75DE24001964A1 /* PrayerMate2UITests */,
			);
		};
/* End PBXProject section */

/* Begin PBXResourcesBuildPhase section */
		1568C6912A75DE22001964A1 /* Resources */ = {
			isa = PBXResourcesBuildPhase;
			buildActionMask = 2147483647;
			files = (
				1568C69E2A75DE24001964A1 /* Preview Assets.xcassets in Resources */,
				1568C69B2A75DE24001964A1 /* Assets.xcassets in Resources */,
			);
			runOnlyForDeploymentPostprocessing = 0;
		};
		1568C6A12A75DE24001964A1 /* Resources */ = {
			isa = PBXResourcesBuildPhase;
			buildActionMask = 2147483647;
			files = (
			);
			runOnlyForDeploymentPostprocessing = 0;
		};
		1568C6AB2A75DE24001964A1 /* Resources */ = {
			isa = PBXResourcesBuildPhase;
			buildActionMask = 2147483647;
			files = (
			);
			runOnlyForDeploymentPostprocessing = 0;
		};
/* End PBXResourcesBuildPhase section */

/* Begin PBXSourcesBuildPhase section */
		1568C68F2A75DE22001964A1 /* Sources */ = {
			isa = PBXSourcesBuildPhase;
			buildActionMask = 2147483647;
			files = (
				1568C6992A75DE22001964A1 /* ContentView.swift in Sources */,
				1568C6972A75DE22001964A1 /* PrayerMate2App.swift in Sources */,
			);
			runOnlyForDeploymentPostprocessing = 0;
		};
		1568C69F2A75DE24001964A1 /* Sources */ = {
			isa = PBXSourcesBuildPhase;
			buildActionMask = 2147483647;
			files = (
				1568C6A82A75DE24001964A1 /* PrayerMate2Tests.swift in Sources */,
			);
			runOnlyForDeploymentPostprocessing = 0;
		};
		1568C6A92A75DE24001964A1 /* Sources */ = {
			isa = PBXSourcesBuildPhase;
			buildActionMask = 2147483647;
			files = (
				1568C6B22A75DE24001964A1 /* PrayerMate2UITests.swift in Sources */,
				1568C6B42A75DE24001964A1 /* PrayerMate2UITestsLaunchTests.swift in Sources */,
			);
			runOnlyForDeploymentPostprocessing = 0;
		};
/* End PBXSourcesBuildPhase section */

/* Begin PBXTargetDependency section */
		1568C6A52A75DE24001964A1 /* PBXTargetDependency */ = {
			isa = PBXTargetDependency;
			target = 1568C6922A75DE22001964A1 /* PrayerMate2 */;
			targetProxy = 1568C6A42A75DE24001964A1 /* PBXContainerItemProxy */;
		};
		1568C6AF2A75DE24001964A1 /* PBXTargetDependency */ = {
			isa = PBXTargetDependency;
			target = 1568C6922A75DE22001964A1 /* PrayerMate2 */;
			targetProxy = 1568C6AE2A75DE24001964A1 /* PBXContainerItemProxy */;
		};
/* End PBXTargetDependency section */

/* Begin XCBuildConfiguration section */
		1568C6B52A75DE24001964A1 /* Debug */ = {
			isa = XCBuildConfiguration;
			buildSettings = {
				ALWAYS_SEARCH_USER_PATHS = NO;
				CLANG_ANALYZER_NONNULL = YES;
				CLANG_ANALYZER_NUMBER_OBJECT_CONVERSION = YES_AGGRESSIVE;
				CLANG_CXX_LANGUAGE_STANDARD = "gnu++20";
				CLANG_ENABLE_MODULES = YES;
				CLANG_ENABLE_OBJC_ARC = YES;
				CLANG_ENABLE_OBJC_WEAK = YES;
				CLANG_WARN_BLOCK_CAPTURE_AUTORELEASING = YES;
				CLANG_WARN_BOOL_CONVERSION = YES;
				CLANG_WARN_COMMA = YES;
				CLANG_WARN_CONSTANT_CONVERSION = YES;
				CLANG_WARN_DEPRECATED_OBJC_IMPLEMENTATIONS = YES;
				CLANG_WARN_DIRECT_OBJC_ISA_USAGE = YES_ERROR;
				CLANG_WARN_DOCUMENTATION_COMMENTS = YES;
				CLANG_WARN_EMPTY_BODY = YES;
				CLANG_WARN_ENUM_CONVERSION = YES;
				CLANG_WARN_INFINITE_RECURSION = YES;
				CLANG_WARN_INT_CONVERSION = YES;
				CLANG_WARN_NON_LITERAL_NULL_CONVERSION = YES;
				CLANG_WARN_OBJC_IMPLICIT_RETAIN_SELF = YES;
				CLANG_WARN_OBJC_LITERAL_CONVERSION = YES;
				CLANG_WARN_OBJC_ROOT_CLASS = YES_ERROR;
				CLANG_WARN_QUOTED_INCLUDE_IN_FRAMEWORK_HEADER = YES;
				CLANG_WARN_RANGE_LOOP_ANALYSIS = YES;
				CLANG_WARN_STRICT_PROTOTYPES = YES;
				CLANG_WARN_SUSPICIOUS_MOVE = YES;
				CLANG_WARN_UNGUARDED_AVAILABILITY = YES_AGGRESSIVE;
				CLANG_WARN_UNREACHABLE_CODE = YES;
				CLANG_WARN__DUPLICATE_METHOD_MATCH = YES;
				COPY_PHASE_STRIP = NO;
				DEBUG_INFORMATION_FORMAT = dwarf;
				ENABLE_STRICT_OBJC_MSGSEND = YES;
				ENABLE_TESTABILITY = YES;
				GCC_C_LANGUAGE_STANDARD = gnu11;
				GCC_DYNAMIC_NO_PIC = NO;
				GCC_NO_COMMON_BLOCKS = YES;
				GCC_OPTIMIZATION_LEVEL = 0;
				GCC_PREPROCESSOR_DEFINITIONS = (
					"DEBUG=1",
					"$(inherited)",
				);
				GCC_WARN_64_TO_32_BIT_CONVERSION = YES;
				GCC_WARN_ABOUT_RETURN_TYPE = YES_ERROR;
				GCC_WARN_UNDECLARED_SELECTOR = YES;
				GCC_WARN_UNINITIALIZED_AUTOS = YES_AGGRESSIVE;
				GCC_WARN_UNUSED_FUNCTION = YES;
				GCC_WARN_UNUSED_VARIABLE = YES;
				IPHONEOS_DEPLOYMENT_TARGET = 16.4;
				MTL_ENABLE_DEBUG_INFO = INCLUDE_SOURCE;
				MTL_FAST_MATH = YES;
				ONLY_ACTIVE_ARCH = YES;
				SDKROOT = iphoneos;
				SWIFT_ACTIVE_COMPILATION_CONDITIONS = DEBUG;
				SWIFT_OPTIMIZATION_LEVEL = "-Onone";
			};
			name = Debug;
		};
		1568C6B62A75DE24001964A1 /* Release */ = {
			isa = XCBuildConfiguration;
			buildSettings = {
				ALWAYS_SEARCH_USER_PATHS = NO;
				CLANG_ANALYZER_NONNULL = YES;
				CLANG_ANALYZER_NUMBER_OBJECT_CONVERSION = YES_AGGRESSIVE;
				CLANG_CXX_LANGUAGE_STANDARD = "gnu++20";
				CLANG_ENABLE_MODULES = YES;
				CLANG_ENABLE_OBJC_ARC = YES;
				CLANG_ENABLE_OBJC_WEAK = YES;
				CLANG_WARN_BLOCK_CAPTURE_AUTORELEASING = YES;
				CLANG_WARN_BOOL_CONVERSION = YES;
				CLANG_WARN_COMMA = YES;
				CLANG_WARN_CONSTANT_CONVERSION = YES;
				CLANG_WARN_DEPRECATED_OBJC_IMPLEMENTATIONS = YES;
				CLANG_WARN_DIRECT_OBJC_ISA_USAGE = YES_ERROR;
				CLANG_WARN_DOCUMENTATION_COMMENTS = YES;
				CLANG_WARN_EMPTY_BODY = YES;
				CLANG_WARN_ENUM_CONVERSION = YES;
				CLANG_WARN_INFINITE_RECURSION = YES;
				CLANG_WARN_INT_CONVERSION = YES;
				CLANG_WARN_NON_LITERAL_NULL_CONVERSION = YES;
				CLANG_WARN_OBJC_IMPLICIT_RETAIN_SELF = YES;
				CLANG_WARN_OBJC_LITERAL_CONVERSION = YES;
				CLANG_WARN_OBJC_ROOT_CLASS = YES_ERROR;
				CLANG_WARN_QUOTED_INCLUDE_IN_FRAMEWORK_HEADER = YES;
				CLANG_WARN_RANGE_LOOP_ANALYSIS = YES;
				CLANG_WARN_STRICT_PROTOTYPES = YES;
				CLANG_WARN_SUSPICIOUS_MOVE = YES;
				CLANG_WARN_UNGUARDED_AVAILABILITY = YES_AGGRESSIVE;
				CLANG_WARN_UNREACHABLE_CODE = YES;
				CLANG_WARN__DUPLICATE_METHOD_MATCH = YES;
				COPY_PHASE_STRIP = NO;
				DEBUG_INFORMATION_FORMAT = "dwarf-with-dsym";
				ENABLE_NS_ASSERTIONS = NO;
				ENABLE_STRICT_OBJC_MSGSEND = YES;
				GCC_C_LANGUAGE_STANDARD = gnu11;
				GCC_NO_COMMON_BLOCKS = YES;
				GCC_WARN_64_TO_32_BIT_CONVERSION = YES;
				GCC_WARN_ABOUT_RETURN_TYPE = YES_ERROR;
				GCC_WARN_UNDECLARED_SELECTOR = YES;
				GCC_WARN_UNINITIALIZED_AUTOS = YES_AGGRESSIVE;
				GCC_WARN_UNUSED_FUNCTION = YES;
				GCC_WARN_UNUSED_VARIABLE = YES;
				IPHONEOS_DEPLOYMENT_TARGET = 16.4;
				MTL_ENABLE_DEBUG_INFO = NO;
				MTL_FAST_MATH = YES;
				SDKROOT = iphoneos;
				SWIFT_COMPILATION_MODE = wholemodule;
				SWIFT_OPTIMIZATION_LEVEL = "-O";
				VALIDATE_PRODUCT = YES;
			};
			name = Release;
		};
		1568C6B82A75DE24001964A1 /* Debug */ = {
			isa = XCBuildConfiguration;
			buildSettings = {
				ASSETCATALOG_COMPILER_APPICON_NAME = AppIcon;
				ASSETCATALOG_COMPILER_GLOBAL_ACCENT_COLOR_NAME = AccentColor;
				CODE_SIGN_STYLE = Automatic;
				CURRENT_PROJECT_VERSION = 1;
				DEVELOPMENT_ASSET_PATHS = "\"PrayerMate2/Preview Content\"";
				ENABLE_PREVIEWS = YES;
				GENERATE_INFOPLIST_FILE = YES;
				INFOPLIST_KEY_UIApplicationSceneManifest_Generation = YES;
				INFOPLIST_KEY_UIApplicationSupportsIndirectInputEvents = YES;
				INFOPLIST_KEY_UILaunchScreen_Generation = YES;
				INFOPLIST_KEY_UISupportedInterfaceOrientations_iPad = "UIInterfaceOrientationPortrait UIInterfaceOrientationPortraitUpsideDown UIInterfaceOrientationLandscapeLeft UIInterfaceOrientationLandscapeRight";
				INFOPLIST_KEY_UISupportedInterfaceOrientations_iPhone = "UIInterfaceOrientationPortrait UIInterfaceOrientationLandscapeLeft UIInterfaceOrientationLandscapeRight";
				LD_RUNPATH_SEARCH_PATHS = (
					"$(inherited)",
					"@executable_path/Frameworks",
				);
				MARKETING_VERSION = 1.0;
				PRODUCT_BUNDLE_IDENTIFIER = com.aliRazaJafree.PrayerMate2;
				PRODUCT_NAME = "$(TARGET_NAME)";
				SWIFT_EMIT_LOC_STRINGS = YES;
				SWIFT_VERSION = 5.0;
				TARGETED_DEVICE_FAMILY = "1,2";
			};
			name = Debug;
		};
		1568C6B92A75DE24001964A1 /* Release */ = {
			isa = XCBuildConfiguration;
			buildSettings = {
				ASSETCATALOG_COMPILER_APPICON_NAME = AppIcon;
				ASSETCATALOG_COMPILER_GLOBAL_ACCENT_COLOR_NAME = AccentColor;
				CODE_SIGN_STYLE = Automatic;
				CURRENT_PROJECT_VERSION = 1;
				DEVELOPMENT_ASSET_PATHS = "\"PrayerMate2/Preview Content\"";
				ENABLE_PREVIEWS = YES;
				GENERATE_INFOPLIST_FILE = YES;
				INFOPLIST_KEY_UIApplicationSceneManifest_Generation = YES;
				INFOPLIST_KEY_UIApplicationSupportsIndirectInputEvents = YES;
				INFOPLIST_KEY_UILaunchScreen_Generation = YES;
				INFOPLIST_KEY_UISupportedInterfaceOrientations_iPad = "UIInterfaceOrientationPortrait UIInterfaceOrientationPortraitUpsideDown UIInterfaceOrientationLandscapeLeft UIInterfaceOrientationLandscapeRight";
				INFOPLIST_KEY_UISupportedInterfaceOrientations_iPhone = "UIInterfaceOrientationPortrait UIInterfaceOrientationLandscapeLeft UIInterfaceOrientationLandscapeRight";
				LD_RUNPATH_SEARCH_PATHS = (
					"$(inherited)",
					"@executable_path/Frameworks",
				);
				MARKETING_VERSION = 1.0;
				PRODUCT_BUNDLE_IDENTIFIER = com.aliRazaJafree.PrayerMate2;
				PRODUCT_NAME = "$(TARGET_NAME)";
				SWIFT_EMIT_LOC_STRINGS = YES;
				SWIFT_VERSION = 5.0;
				TARGETED_DEVICE_FAMILY = "1,2";
			};
			name = Release;
		};
		1568C6BB2A75DE24001964A1 /* Debug */ = {
			isa = XCBuildConfiguration;
			buildSettings = {
				ALWAYS_EMBED_SWIFT_STANDARD_LIBRARIES = YES;
				BUNDLE_LOADER = "$(TEST_HOST)";
				CODE_SIGN_STYLE = Automatic;
				CURRENT_PROJECT_VERSION = 1;
				GENERATE_INFOPLIST_FILE = YES;
				IPHONEOS_DEPLOYMENT_TARGET = 16.4;
				MARKETING_VERSION = 1.0;
				PRODUCT_BUNDLE_IDENTIFIER = com.aliRazaJafree.PrayerMate2Tests;
				PRODUCT_NAME = "$(TARGET_NAME)";
				SWIFT_EMIT_LOC_STRINGS = NO;
				SWIFT_VERSION = 5.0;
				TARGETED_DEVICE_FAMILY = "1,2";
				TEST_HOST = "$(BUILT_PRODUCTS_DIR)/PrayerMate2.app/$(BUNDLE_EXECUTABLE_FOLDER_PATH)/PrayerMate2";
			};
			name = Debug;
		};
		1568C6BC2A75DE24001964A1 /* Release */ = {
			isa = XCBuildConfiguration;
			buildSettings = {
				ALWAYS_EMBED_SWIFT_STANDARD_LIBRARIES = YES;
				BUNDLE_LOADER = "$(TEST_HOST)";
				CODE_SIGN_STYLE = Automatic;
				CURRENT_PROJECT_VERSION = 1;
				GENERATE_INFOPLIST_FILE = YES;
				IPHONEOS_DEPLOYMENT_TARGET = 16.4;
				MARKETING_VERSION = 1.0;
				PRODUCT_BUNDLE_IDENTIFIER = com.aliRazaJafree.PrayerMate2Tests;
				PRODUCT_NAME = "$(TARGET_NAME)";
				SWIFT_EMIT_LOC_STRINGS = NO;
				SWIFT_VERSION = 5.0;
				TARGETED_DEVICE_FAMILY = "1,2";
				TEST_HOST = "$(BUILT_PRODUCTS_DIR)/PrayerMate2.app/$(BUNDLE_EXECUTABLE_FOLDER_PATH)/PrayerMate2";
			};
			name = Release;
		};
		1568C6BE2A75DE24001964A1 /* Debug */ = {
			isa = XCBuildConfiguration;
			buildSettings = {
				ALWAYS_EMBED_SWIFT_STANDARD_LIBRARIES = YES;
				CODE_SIGN_STYLE = Automatic;
				CURRENT_PROJECT_VERSION = 1;
				GENERATE_INFOPLIST_FILE = YES;
				MARKETING_VERSION = 1.0;
				PRODUCT_BUNDLE_IDENTIFIER = com.aliRazaJafree.PrayerMate2UITests;
				PRODUCT_NAME = "$(TARGET_NAME)";
				SWIFT_EMIT_LOC_STRINGS = NO;
				SWIFT_VERSION = 5.0;
				TARGETED_DEVICE_FAMILY = "1,2";
				TEST_TARGET_NAME = PrayerMate2;
			};
			name = Debug;
		};
		1568C6BF2A75DE24001964A1 /* Release */ = {
			isa = XCBuildConfiguration;
			buildSettings = {
				ALWAYS_EMBED_SWIFT_STANDARD_LIBRARIES = YES;
				CODE_SIGN_STYLE = Automatic;
				CURRENT_PROJECT_VERSION = 1;
				GENERATE_INFOPLIST_FILE = YES;
				MARKETING_VERSION = 1.0;
				PRODUCT_BUNDLE_IDENTIFIER = com.aliRazaJafree.PrayerMate2UITests;
				PRODUCT_NAME = "$(TARGET_NAME)";
				SWIFT_EMIT_LOC_STRINGS = NO;
				SWIFT_VERSION = 5.0;
				TARGETED_DEVICE_FAMILY = "1,2";
				TEST_TARGET_NAME = PrayerMate2;
			};
			name = Release;
		};
/* End XCBuildConfiguration section */

/* Begin XCConfigurationList section */
		1568C68E2A75DE22001964A1 /* Build configuration list for PBXProject "PrayerMate2" */ = {
			isa = XCConfigurationList;
			buildConfigurations = (
				1568C6B52A75DE24001964A1 /* Debug */,
				1568C6B62A75DE24001964A1 /* Release */,
			);
			defaultConfigurationIsVisible = 0;
			defaultConfigurationName = Release;
		};
		1568C6B72A75DE24001964A1 /* Build configuration list for PBXNativeTarget "PrayerMate2" */ = {
			isa = XCConfigurationList;
			buildConfigurations = (
				1568C6B82A75DE24001964A1 /* Debug */,
				1568C6B92A75DE24001964A1 /* Release */,
			);
			defaultConfigurationIsVisible = 0;
			defaultConfigurationName = Release;
		};
		1568C6BA2A75DE24001964A1 /* Build configuration list for PBXNativeTarget "PrayerMate2Tests" */ = {
			isa = XCConfigurationList;
			buildConfigurations = (
				1568C6BB2A75DE24001964A1 /* Debug */,
				1568C6BC2A75DE24001964A1 /* Release */,
			);
			defaultConfigurationIsVisible = 0;
			defaultConfigurationName = Release;
		};
		1568C6BD2A75DE24001964A1 /* Build configuration list for PBXNativeTarget "PrayerMate2UITests" */ = {
			isa = XCConfigurationList;
			buildConfigurations = (
				1568C6BE2A75DE24001964A1 /* Debug */,
				1568C6BF2A75DE24001964A1 /* Release */,
			);
			defaultConfigurationIsVisible = 0;
			defaultConfigurationName = Release;
		};
/* End XCConfigurationList section */
	};
	rootObject = 1568C68B2A75DE22001964A1 /* Project object */;
}
